// !$*UTF8*$!
{
	archiveVersion = 1;
	classes = {
	};
	objectVersion = 56;
	objects = {

/* Begin PBXBuildFile section */
		9674C4DB2A96442B00CF4185 /* AppDelegate.swift in Sources */ = {isa = PBXBuildFile; fileRef = 9674C4DA2A96442B00CF4185 /* AppDelegate.swift */; };
		9674C4DD2A96442B00CF4185 /* SceneDelegate.swift in Sources */ = {isa = PBXBuildFile; fileRef = 9674C4DC2A96442B00CF4185 /* SceneDelegate.swift */; };
		9674C4E42A96442C00CF4185 /* Assets.xcassets in Resources */ = {isa = PBXBuildFile; fileRef = 9674C4E32A96442C00CF4185 /* Assets.xcassets */; };
		9674C4E72A96442C00CF4185 /* LaunchScreen.storyboard in Resources */ = {isa = PBXBuildFile; fileRef = 9674C4E52A96442C00CF4185 /* LaunchScreen.storyboard */; };
		9674C4F52A96451200CF4185 /* IQKeyboardManagerSwift in Frameworks */ = {isa = PBXBuildFile; productRef = 9674C4F42A96451200CF4185 /* IQKeyboardManagerSwift */; };
		9674C4F72A96457E00CF4185 /* ViewMaker.swift in Sources */ = {isa = PBXBuildFile; fileRef = 9674C4F62A96457E00CF4185 /* ViewMaker.swift */; };
		9674C4F92A96464400CF4185 /* Colors.swift in Sources */ = {isa = PBXBuildFile; fileRef = 9674C4F82A96464400CF4185 /* Colors.swift */; };
		9674C4FC2A96467E00CF4185 /* SnapKit in Frameworks */ = {isa = PBXBuildFile; productRef = 9674C4FB2A96467E00CF4185 /* SnapKit */; };
		9674C4FE2A964C0000CF4185 /* ViewController.swift in Sources */ = {isa = PBXBuildFile; fileRef = 9674C4FD2A964C0000CF4185 /* ViewController.swift */; };
		9674C5002A967A8600CF4185 /* SignUpViewController.swift in Sources */ = {isa = PBXBuildFile; fileRef = 9674C4FF2A967A8600CF4185 /* SignUpViewController.swift */; };
		9674C5022A967B0700CF4185 /* FinalViewController.swift in Sources */ = {isa = PBXBuildFile; fileRef = 9674C5012A967B0700CF4185 /* FinalViewController.swift */; };
		9674C5042A967B3100CF4185 /* ForgotPsswrdViewController.swift in Sources */ = {isa = PBXBuildFile; fileRef = 9674C5032A967B3100CF4185 /* ForgotPsswrdViewController.swift */; };
		9674C5062A967B3C00CF4185 /* NewPsswrdViewController.swift in Sources */ = {isa = PBXBuildFile; fileRef = 9674C5052A967B3C00CF4185 /* NewPsswrdViewController.swift */; };
/* End PBXBuildFile section */

/* Begin PBXFileReference section */
		9674C4D72A96442B00CF4185 /* finalTest_month3.app */ = {isa = PBXFileReference; explicitFileType = wrapper.application; includeInIndex = 0; path = finalTest_month3.app; sourceTree = BUILT_PRODUCTS_DIR; };
		9674C4DA2A96442B00CF4185 /* AppDelegate.swift */ = {isa = PBXFileReference; lastKnownFileType = sourcecode.swift; path = AppDelegate.swift; sourceTree = "<group>"; };
		9674C4DC2A96442B00CF4185 /* SceneDelegate.swift */ = {isa = PBXFileReference; lastKnownFileType = sourcecode.swift; path = SceneDelegate.swift; sourceTree = "<group>"; };
		9674C4E32A96442C00CF4185 /* Assets.xcassets */ = {isa = PBXFileReference; lastKnownFileType = folder.assetcatalog; path = Assets.xcassets; sourceTree = "<group>"; };
		9674C4E62A96442C00CF4185 /* Base */ = {isa = PBXFileReference; lastKnownFileType = file.storyboard; name = Base; path = Base.lproj/LaunchScreen.storyboard; sourceTree = "<group>"; };
		9674C4E82A96442C00CF4185 /* Info.plist */ = {isa = PBXFileReference; lastKnownFileType = text.plist.xml; path = Info.plist; sourceTree = "<group>"; };
		9674C4F62A96457E00CF4185 /* ViewMaker.swift */ = {isa = PBXFileReference; lastKnownFileType = sourcecode.swift; path = ViewMaker.swift; sourceTree = "<group>"; };
		9674C4F82A96464400CF4185 /* Colors.swift */ = {isa = PBXFileReference; lastKnownFileType = sourcecode.swift; path = Colors.swift; sourceTree = "<group>"; };
		9674C4FD2A964C0000CF4185 /* ViewController.swift */ = {isa = PBXFileReference; lastKnownFileType = sourcecode.swift; path = ViewController.swift; sourceTree = "<group>"; };
		9674C4FF2A967A8600CF4185 /* SignUpViewController.swift */ = {isa = PBXFileReference; lastKnownFileType = sourcecode.swift; path = SignUpViewController.swift; sourceTree = "<group>"; };
		9674C5012A967B0700CF4185 /* FinalViewController.swift */ = {isa = PBXFileReference; lastKnownFileType = sourcecode.swift; path = FinalViewController.swift; sourceTree = "<group>"; };
		9674C5032A967B3100CF4185 /* ForgotPsswrdViewController.swift */ = {isa = PBXFileReference; lastKnownFileType = sourcecode.swift; path = ForgotPsswrdViewController.swift; sourceTree = "<group>"; };
		9674C5052A967B3C00CF4185 /* NewPsswrdViewController.swift */ = {isa = PBXFileReference; lastKnownFileType = sourcecode.swift; path = NewPsswrdViewController.swift; sourceTree = "<group>"; };
/* End PBXFileReference section */

/* Begin PBXFrameworksBuildPhase section */
		9674C4D42A96442B00CF4185 /* Frameworks */ = {
			isa = PBXFrameworksBuildPhase;
			buildActionMask = 2147483647;
			files = (
				9674C4F52A96451200CF4185 /* IQKeyboardManagerSwift in Frameworks */,
				9674C4FC2A96467E00CF4185 /* SnapKit in Frameworks */,
			);
			runOnlyForDeploymentPostprocessing = 0;
		};
/* End PBXFrameworksBuildPhase section */

/* Begin PBXGroup section */
		9674C4CE2A96442B00CF4185 = {
			isa = PBXGroup;
			children = (
				9674C4D92A96442B00CF4185 /* finalTest_month3 */,
				9674C4D82A96442B00CF4185 /* Products */,
			);
			sourceTree = "<group>";
		};
		9674C4D82A96442B00CF4185 /* Products */ = {
			isa = PBXGroup;
			children = (
				9674C4D72A96442B00CF4185 /* finalTest_month3.app */,
			);
			name = Products;
			sourceTree = "<group>";
		};
		9674C4D92A96442B00CF4185 /* finalTest_month3 */ = {
			isa = PBXGroup;
			children = (
				9674C4F22A9644C400CF4185 /* Helper */,
				9674C4F12A9644B200CF4185 /* Recource */,
				9674C4F02A9644A300CF4185 /* AppDelegate */,
				9674C4EF2A96447F00CF4185 /* Common */,
				9674C4E82A96442C00CF4185 /* Info.plist */,
			);
			path = finalTest_month3;
			sourceTree = "<group>";
		};
		9674C4EF2A96447F00CF4185 /* Common */ = {
			isa = PBXGroup;
			children = (
				9674C4FD2A964C0000CF4185 /* ViewController.swift */,
				9674C4FF2A967A8600CF4185 /* SignUpViewController.swift */,
				9674C5012A967B0700CF4185 /* FinalViewController.swift */,
				9674C5032A967B3100CF4185 /* ForgotPsswrdViewController.swift */,
				9674C5052A967B3C00CF4185 /* NewPsswrdViewController.swift */,
			);
			path = Common;
			sourceTree = "<group>";
		};
		9674C4F02A9644A300CF4185 /* AppDelegate */ = {
			isa = PBXGroup;
			children = (
				9674C4DC2A96442B00CF4185 /* SceneDelegate.swift */,
				9674C4DA2A96442B00CF4185 /* AppDelegate.swift */,
			);
			path = AppDelegate;
			sourceTree = "<group>";
		};
		9674C4F12A9644B200CF4185 /* Recource */ = {
			isa = PBXGroup;
			children = (
				9674C4E52A96442C00CF4185 /* LaunchScreen.storyboard */,
				9674C4E32A96442C00CF4185 /* Assets.xcassets */,
			);
			path = Recource;
			sourceTree = "<group>";
		};
		9674C4F22A9644C400CF4185 /* Helper */ = {
			isa = PBXGroup;
			children = (
				9674C4F62A96457E00CF4185 /* ViewMaker.swift */,
				9674C4F82A96464400CF4185 /* Colors.swift */,
			);
			path = Helper;
			sourceTree = "<group>";
		};
/* End PBXGroup section */

/* Begin PBXNativeTarget section */
		9674C4D62A96442B00CF4185 /* finalTest_month3 */ = {
			isa = PBXNativeTarget;
			buildConfigurationList = 9674C4EB2A96442C00CF4185 /* Build configuration list for PBXNativeTarget "finalTest_month3" */;
			buildPhases = (
				9674C4D32A96442B00CF4185 /* Sources */,
				9674C4D42A96442B00CF4185 /* Frameworks */,
				9674C4D52A96442B00CF4185 /* Resources */,
			);
			buildRules = (
			);
			dependencies = (
			);
			name = finalTest_month3;
			packageProductDependencies = (
				9674C4F42A96451200CF4185 /* IQKeyboardManagerSwift */,
				9674C4FB2A96467E00CF4185 /* SnapKit */,
			);
			productName = finalTest_month3;
			productReference = 9674C4D72A96442B00CF4185 /* finalTest_month3.app */;
			productType = "com.apple.product-type.application";
		};
/* End PBXNativeTarget section */

/* Begin PBXProject section */
		9674C4CF2A96442B00CF4185 /* Project object */ = {
			isa = PBXProject;
			attributes = {
				BuildIndependentTargetsInParallel = 1;
				LastSwiftUpdateCheck = 1430;
				LastUpgradeCheck = 1430;
				TargetAttributes = {
					9674C4D62A96442B00CF4185 = {
						CreatedOnToolsVersion = 14.3;
					};
				};
			};
			buildConfigurationList = 9674C4D22A96442B00CF4185 /* Build configuration list for PBXProject "finalTest_month3" */;
			compatibilityVersion = "Xcode 14.0";
			developmentRegion = en;
			hasScannedForEncodings = 0;
			knownRegions = (
				en,
				Base,
			);
			mainGroup = 9674C4CE2A96442B00CF4185;
			packageReferences = (
				9674C4F32A96451200CF4185 /* XCRemoteSwiftPackageReference "IQKeyboardManager" */,
				9674C4FA2A96467E00CF4185 /* XCRemoteSwiftPackageReference "SnapKit" */,
			);
			productRefGroup = 9674C4D82A96442B00CF4185 /* Products */;
			projectDirPath = "";
			projectRoot = "";
			targets = (
				9674C4D62A96442B00CF4185 /* finalTest_month3 */,
			);
		};
/* End PBXProject section */

/* Begin PBXResourcesBuildPhase section */
		9674C4D52A96442B00CF4185 /* Resources */ = {
			isa = PBXResourcesBuildPhase;
			buildActionMask = 2147483647;
			files = (
				9674C4E72A96442C00CF4185 /* LaunchScreen.storyboard in Resources */,
				9674C4E42A96442C00CF4185 /* Assets.xcassets in Resources */,
			);
			runOnlyForDeploymentPostprocessing = 0;
		};
/* End PBXResourcesBuildPhase section */

/* Begin PBXSourcesBuildPhase section */
		9674C4D32A96442B00CF4185 /* Sources */ = {
			isa = PBXSourcesBuildPhase;
			buildActionMask = 2147483647;
			files = (
				9674C5002A967A8600CF4185 /* SignUpViewController.swift in Sources */,
				9674C5022A967B0700CF4185 /* FinalViewController.swift in Sources */,
				9674C4FE2A964C0000CF4185 /* ViewController.swift in Sources */,
				9674C4F92A96464400CF4185 /* Colors.swift in Sources */,
				9674C5042A967B3100CF4185 /* ForgotPsswrdViewController.swift in Sources */,
				9674C4F72A96457E00CF4185 /* ViewMaker.swift in Sources */,
				9674C4DB2A96442B00CF4185 /* AppDelegate.swift in Sources */,
				9674C5062A967B3C00CF4185 /* NewPsswrdViewController.swift in Sources */,
				9674C4DD2A96442B00CF4185 /* SceneDelegate.swift in Sources */,
			);
			runOnlyForDeploymentPostprocessing = 0;
		};
/* End PBXSourcesBuildPhase section */

/* Begin PBXVariantGroup section */
		9674C4E52A96442C00CF4185 /* LaunchScreen.storyboard */ = {
			isa = PBXVariantGroup;
			children = (
				9674C4E62A96442C00CF4185 /* Base */,
			);
			name = LaunchScreen.storyboard;
			sourceTree = "<group>";
		};
/* End PBXVariantGroup section */

/* Begin XCBuildConfiguration section */
		9674C4E92A96442C00CF4185 /* Debug */ = {
			isa = XCBuildConfiguration;
			buildSettings = {
				ALWAYS_SEARCH_USER_PATHS = NO;
				CLANG_ANALYZER_NONNULL = YES;
				CLANG_ANALYZER_NUMBER_OBJECT_CONVERSION = YES_AGGRESSIVE;
				CLANG_CXX_LANGUAGE_STANDARD = "gnu++20";
				CLANG_ENABLE_MODULES = YES;
				CLANG_ENABLE_OBJC_ARC = YES;
				CLANG_ENABLE_OBJC_WEAK = YES;
				CLANG_WARN_BLOCK_CAPTURE_AUTORELEASING = YES;
				CLANG_WARN_BOOL_CONVERSION = YES;
				CLANG_WARN_COMMA = YES;
				CLANG_WARN_CONSTANT_CONVERSION = YES;
				CLANG_WARN_DEPRECATED_OBJC_IMPLEMENTATIONS = YES;
				CLANG_WARN_DIRECT_OBJC_ISA_USAGE = YES_ERROR;
				CLANG_WARN_DOCUMENTATION_COMMENTS = YES;
				CLANG_WARN_EMPTY_BODY = YES;
				CLANG_WARN_ENUM_CONVERSION = YES;
				CLANG_WARN_INFINITE_RECURSION = YES;
				CLANG_WARN_INT_CONVERSION = YES;
				CLANG_WARN_NON_LITERAL_NULL_CONVERSION = YES;
				CLANG_WARN_OBJC_IMPLICIT_RETAIN_SELF = YES;
				CLANG_WARN_OBJC_LITERAL_CONVERSION = YES;
				CLANG_WARN_OBJC_ROOT_CLASS = YES_ERROR;
				CLANG_WARN_QUOTED_INCLUDE_IN_FRAMEWORK_HEADER = YES;
				CLANG_WARN_RANGE_LOOP_ANALYSIS = YES;
				CLANG_WARN_STRICT_PROTOTYPES = YES;
				CLANG_WARN_SUSPICIOUS_MOVE = YES;
				CLANG_WARN_UNGUARDED_AVAILABILITY = YES_AGGRESSIVE;
				CLANG_WARN_UNREACHABLE_CODE = YES;
				CLANG_WARN__DUPLICATE_METHOD_MATCH = YES;
				COPY_PHASE_STRIP = NO;
				DEBUG_INFORMATION_FORMAT = dwarf;
				ENABLE_STRICT_OBJC_MSGSEND = YES;
				ENABLE_TESTABILITY = YES;
				GCC_C_LANGUAGE_STANDARD = gnu11;
				GCC_DYNAMIC_NO_PIC = NO;
				GCC_NO_COMMON_BLOCKS = YES;
				GCC_OPTIMIZATION_LEVEL = 0;
				GCC_PREPROCESSOR_DEFINITIONS = (
					"DEBUG=1",
					"$(inherited)",
				);
				GCC_WARN_64_TO_32_BIT_CONVERSION = YES;
				GCC_WARN_ABOUT_RETURN_TYPE = YES_ERROR;
				GCC_WARN_UNDECLARED_SELECTOR = YES;
				GCC_WARN_UNINITIALIZED_AUTOS = YES_AGGRESSIVE;
				GCC_WARN_UNUSED_FUNCTION = YES;
				GCC_WARN_UNUSED_VARIABLE = YES;
				IPHONEOS_DEPLOYMENT_TARGET = 16.4;
				MTL_ENABLE_DEBUG_INFO = INCLUDE_SOURCE;
				MTL_FAST_MATH = YES;
				ONLY_ACTIVE_ARCH = YES;
				SDKROOT = iphoneos;
				SWIFT_ACTIVE_COMPILATION_CONDITIONS = DEBUG;
				SWIFT_OPTIMIZATION_LEVEL = "-Onone";
			};
			name = Debug;
		};
		9674C4EA2A96442C00CF4185 /* Release */ = {
			isa = XCBuildConfiguration;
			buildSettings = {
				ALWAYS_SEARCH_USER_PATHS = NO;
				CLANG_ANALYZER_NONNULL = YES;
				CLANG_ANALYZER_NUMBER_OBJECT_CONVERSION = YES_AGGRESSIVE;
				CLANG_CXX_LANGUAGE_STANDARD = "gnu++20";
				CLANG_ENABLE_MODULES = YES;
				CLANG_ENABLE_OBJC_ARC = YES;
				CLANG_ENABLE_OBJC_WEAK = YES;
				CLANG_WARN_BLOCK_CAPTURE_AUTORELEASING = YES;
				CLANG_WARN_BOOL_CONVERSION = YES;
				CLANG_WARN_COMMA = YES;
				CLANG_WARN_CONSTANT_CONVERSION = YES;
				CLANG_WARN_DEPRECATED_OBJC_IMPLEMENTATIONS = YES;
				CLANG_WARN_DIRECT_OBJC_ISA_USAGE = YES_ERROR;
				CLANG_WARN_DOCUMENTATION_COMMENTS = YES;
				CLANG_WARN_EMPTY_BODY = YES;
				CLANG_WARN_ENUM_CONVERSION = YES;
				CLANG_WARN_INFINITE_RECURSION = YES;
				CLANG_WARN_INT_CONVERSION = YES;
				CLANG_WARN_NON_LITERAL_NULL_CONVERSION = YES;
				CLANG_WARN_OBJC_IMPLICIT_RETAIN_SELF = YES;
				CLANG_WARN_OBJC_LITERAL_CONVERSION = YES;
				CLANG_WARN_OBJC_ROOT_CLASS = YES_ERROR;
				CLANG_WARN_QUOTED_INCLUDE_IN_FRAMEWORK_HEADER = YES;
				CLANG_WARN_RANGE_LOOP_ANALYSIS = YES;
				CLANG_WARN_STRICT_PROTOTYPES = YES;
				CLANG_WARN_SUSPICIOUS_MOVE = YES;
				CLANG_WARN_UNGUARDED_AVAILABILITY = YES_AGGRESSIVE;
				CLANG_WARN_UNREACHABLE_CODE = YES;
				CLANG_WARN__DUPLICATE_METHOD_MATCH = YES;
				COPY_PHASE_STRIP = NO;
				DEBUG_INFORMATION_FORMAT = "dwarf-with-dsym";
				ENABLE_NS_ASSERTIONS = NO;
				ENABLE_STRICT_OBJC_MSGSEND = YES;
				GCC_C_LANGUAGE_STANDARD = gnu11;
				GCC_NO_COMMON_BLOCKS = YES;
				GCC_WARN_64_TO_32_BIT_CONVERSION = YES;
				GCC_WARN_ABOUT_RETURN_TYPE = YES_ERROR;
				GCC_WARN_UNDECLARED_SELECTOR = YES;
				GCC_WARN_UNINITIALIZED_AUTOS = YES_AGGRESSIVE;
				GCC_WARN_UNUSED_FUNCTION = YES;
				GCC_WARN_UNUSED_VARIABLE = YES;
				IPHONEOS_DEPLOYMENT_TARGET = 16.4;
				MTL_ENABLE_DEBUG_INFO = NO;
				MTL_FAST_MATH = YES;
				SDKROOT = iphoneos;
				SWIFT_COMPILATION_MODE = wholemodule;
				SWIFT_OPTIMIZATION_LEVEL = "-O";
				VALIDATE_PRODUCT = YES;
			};
			name = Release;
		};
		9674C4EC2A96442C00CF4185 /* Debug */ = {
			isa = XCBuildConfiguration;
			buildSettings = {
				ASSETCATALOG_COMPILER_APPICON_NAME = AppIcon;
				ASSETCATALOG_COMPILER_GLOBAL_ACCENT_COLOR_NAME = AccentColor;
				CODE_SIGN_STYLE = Automatic;
				CURRENT_PROJECT_VERSION = 1;
				GENERATE_INFOPLIST_FILE = YES;
				INFOPLIST_FILE = finalTest_month3/Info.plist;
				INFOPLIST_KEY_UIApplicationSupportsIndirectInputEvents = YES;
				INFOPLIST_KEY_UILaunchStoryboardName = LaunchScreen;
				INFOPLIST_KEY_UISupportedInterfaceOrientations_iPad = "UIInterfaceOrientationPortrait UIInterfaceOrientationPortraitUpsideDown UIInterfaceOrientationLandscapeLeft UIInterfaceOrientationLandscapeRight";
				INFOPLIST_KEY_UISupportedInterfaceOrientations_iPhone = "UIInterfaceOrientationPortrait UIInterfaceOrientationLandscapeLeft UIInterfaceOrientationLandscapeRight";
				LD_RUNPATH_SEARCH_PATHS = (
					"$(inherited)",
					"@executable_path/Frameworks",
				);
				MARKETING_VERSION = 1.0;
				PRODUCT_BUNDLE_IDENTIFIER = "month3.finalTest-month3";
				PRODUCT_NAME = "$(TARGET_NAME)";
				SWIFT_EMIT_LOC_STRINGS = YES;
				SWIFT_VERSION = 5.0;
				TARGETED_DEVICE_FAMILY = "1,2";
			};
			name = Debug;
		};
		9674C4ED2A96442C00CF4185 /* Release */ = {
			isa = XCBuildConfiguration;
			buildSettings = {
				ASSETCATALOG_COMPILER_APPICON_NAME = AppIcon;
				ASSETCATALOG_COMPILER_GLOBAL_ACCENT_COLOR_NAME = AccentColor;
				CODE_SIGN_STYLE = Automatic;
				CURRENT_PROJECT_VERSION = 1;
				GENERATE_INFOPLIST_FILE = YES;
				INFOPLIST_FILE = finalTest_month3/Info.plist;
				INFOPLIST_KEY_UIApplicationSupportsIndirectInputEvents = YES;
				INFOPLIST_KEY_UILaunchStoryboardName = LaunchScreen;
				INFOPLIST_KEY_UISupportedInterfaceOrientations_iPad = "UIInterfaceOrientationPortrait UIInterfaceOrientationPortraitUpsideDown UIInterfaceOrientationLandscapeLeft UIInterfaceOrientationLandscapeRight";
				INFOPLIST_KEY_UISupportedInterfaceOrientations_iPhone = "UIInterfaceOrientationPortrait UIInterfaceOrientationLandscapeLeft UIInterfaceOrientationLandscapeRight";
				LD_RUNPATH_SEARCH_PATHS = (
					"$(inherited)",
					"@executable_path/Frameworks",
				);
				MARKETING_VERSION = 1.0;
				PRODUCT_BUNDLE_IDENTIFIER = "month3.finalTest-month3";
				PRODUCT_NAME = "$(TARGET_NAME)";
				SWIFT_EMIT_LOC_STRINGS = YES;
				SWIFT_VERSION = 5.0;
				TARGETED_DEVICE_FAMILY = "1,2";
			};
			name = Release;
		};
/* End XCBuildConfiguration section */

/* Begin XCConfigurationList section */
		9674C4D22A96442B00CF4185 /* Build configuration list for PBXProject "finalTest_month3" */ = {
			isa = XCConfigurationList;
			buildConfigurations = (
				9674C4E92A96442C00CF4185 /* Debug */,
				9674C4EA2A96442C00CF4185 /* Release */,
			);
			defaultConfigurationIsVisible = 0;
			defaultConfigurationName = Release;
		};
		9674C4EB2A96442C00CF4185 /* Build configuration list for PBXNativeTarget "finalTest_month3" */ = {
			isa = XCConfigurationList;
			buildConfigurations = (
				9674C4EC2A96442C00CF4185 /* Debug */,
				9674C4ED2A96442C00CF4185 /* Release */,
			);
			defaultConfigurationIsVisible = 0;
			defaultConfigurationName = Release;
		};
/* End XCConfigurationList section */

/* Begin XCRemoteSwiftPackageReference section */
		9674C4F32A96451200CF4185 /* XCRemoteSwiftPackageReference "IQKeyboardManager" */ = {
			isa = XCRemoteSwiftPackageReference;
			repositoryURL = "https://github.com/hackiftekhar/IQKeyboardManager.git";
			requirement = {
				kind = upToNextMajorVersion;
				minimumVersion = 6.0.0;
			};
		};
		9674C4FA2A96467E00CF4185 /* XCRemoteSwiftPackageReference "SnapKit" */ = {
			isa = XCRemoteSwiftPackageReference;
			repositoryURL = "https://github.com/SnapKit/SnapKit.git";
			requirement = {
				kind = upToNextMajorVersion;
				minimumVersion = 5.0.0;
			};
		};
/* End XCRemoteSwiftPackageReference section */

/* Begin XCSwiftPackageProductDependency section */
		9674C4F42A96451200CF4185 /* IQKeyboardManagerSwift */ = {
			isa = XCSwiftPackageProductDependency;
			package = 9674C4F32A96451200CF4185 /* XCRemoteSwiftPackageReference "IQKeyboardManager" */;
			productName = IQKeyboardManagerSwift;
		};
		9674C4FB2A96467E00CF4185 /* SnapKit */ = {
			isa = XCSwiftPackageProductDependency;
			package = 9674C4FA2A96467E00CF4185 /* XCRemoteSwiftPackageReference "SnapKit" */;
			productName = SnapKit;
		};
/* End XCSwiftPackageProductDependency section */
	};
	rootObject = 9674C4CF2A96442B00CF4185 /* Project object */;
}
